
Microsoft Visual Studio Solution File, Format Version 12.00
# Visual Studio Version 16
VisualStudioVersion = 16.0.31729.503
MinimumVisualStudioVersion = 10.0.40219.1
Project("{9A19103F-16F7-4668-BE54-9A1E7A4F7556}") = "Riot API", "Riot API\Riot API.csproj", "{25743787-8679-4D6D-AA0F-033679CC8361}"
EndProject
Project("{FAE04EC0-301F-11D3-BF4B-00C04F79EFBC}") = "WinFormsRiotAPI", "WinFormsRiotAPI\WinFormsRiotAPI.csproj", "{826E778D-6110-4246-A43F-97B1EDDD62EE}"
EndProject
Global
	GlobalSection(SolutionConfigurationPlatforms) = preSolution
		Debug|Any CPU = Debug|Any CPU
		Release|Any CPU = Release|Any CPU
	EndGlobalSection
	GlobalSection(ProjectConfigurationPlatforms) = postSolution
		{25743787-8679-4D6D-AA0F-033679CC8361}.Debug|Any CPU.ActiveCfg = Debug|Any CPU
		{25743787-8679-4D6D-AA0F-033679CC8361}.Debug|Any CPU.Build.0 = Debug|Any CPU
		{25743787-8679-4D6D-AA0F-033679CC8361}.Release|Any CPU.ActiveCfg = Release|Any CPU
		{25743787-8679-4D6D-AA0F-033679CC8361}.Release|Any CPU.Build.0 = Release|Any CPU
		{826E778D-6110-4246-A43F-97B1EDDD62EE}.Debug|Any CPU.ActiveCfg = Debug|Any CPU
		{826E778D-6110-4246-A43F-97B1EDDD62EE}.Debug|Any CPU.Build.0 = Debug|Any CPU
		{826E778D-6110-4246-A43F-97B1EDDD62EE}.Release|Any CPU.ActiveCfg = Release|Any CPU
		{826E778D-6110-4246-A43F-97B1EDDD62EE}.Release|Any CPU.Build.0 = Release|Any CPU
	EndGlobalSection
	GlobalSection(SolutionProperties) = preSolution
		HideSolutionNode = FALSE
	EndGlobalSection
	GlobalSection(ExtensibilityGlobals) = postSolution
		SolutionGuid = {FD9A0344-9070-48EF-8912-4107A72A2B3A}
	EndGlobalSection
EndGlobal
